
Microsoft Visual Studio Solution File, Format Version 12.00
# Visual Studio 15
VisualStudioVersion = 15.0.27004.2005
MinimumVisualStudioVersion = 10.0.40219.1
Project("{8BC9CEB8-8B4A-11D0-8D11-00A0C91BC942}") = "Lab_3_4_7(4)", "Lab_3_4_7(4)\Lab_3_4_7(4).vcxproj", "{B12972D3-0788-425E-A144-346A9DACE63D}"
EndProject
Global
	GlobalSection(SolutionConfigurationPlatforms) = preSolution
		Debug|x64 = Debug|x64
		Debug|x86 = Debug|x86
		Release|x64 = Release|x64
		Release|x86 = Release|x86
	EndGlobalSection
	GlobalSection(ProjectConfigurationPlatforms) = postSolution
		{B12972D3-0788-425E-A144-346A9DACE63D}.Debug|x64.ActiveCfg = Debug|x64
		{B12972D3-0788-425E-A144-346A9DACE63D}.Debug|x64.Build.0 = Debug|x64
		{B12972D3-0788-425E-A144-346A9DACE63D}.Debug|x86.ActiveCfg = Debug|Win32
		{B12972D3-0788-425E-A144-346A9DACE63D}.Debug|x86.Build.0 = Debug|Win32
		{B12972D3-0788-425E-A144-346A9DACE63D}.Release|x64.ActiveCfg = Release|x64
		{B12972D3-0788-425E-A144-346A9DACE63D}.Release|x64.Build.0 = Release|x64
		{B12972D3-0788-425E-A144-346A9DACE63D}.Release|x86.ActiveCfg = Release|Win32
		{B12972D3-0788-425E-A144-346A9DACE63D}.Release|x86.Build.0 = Release|Win32
	EndGlobalSection
	GlobalSection(SolutionProperties) = preSolution
		HideSolutionNode = FALSE
	EndGlobalSection
	GlobalSection(ExtensibilityGlobals) = postSolution
		SolutionGuid = {0DFB540E-3A7E-4C8F-9E80-C7EF9E6ABD98}
	EndGlobalSection
EndGlobal
