
Microsoft Visual Studio Solution File, Format Version 12.00
# Visual Studio 15
VisualStudioVersion = 15.0.27004.2005
MinimumVisualStudioVersion = 10.0.40219.1
Project("{8BC9CEB8-8B4A-11D0-8D11-00A0C91BC942}") = "Lab_5_1_9(2)", "Lab_5_1_9(2)\Lab_5_1_9(2).vcxproj", "{93A65769-B93F-4A06-AF0F-3BE43CCC1126}"
EndProject
Global
	GlobalSection(SolutionConfigurationPlatforms) = preSolution
		Debug|x64 = Debug|x64
		Debug|x86 = Debug|x86
		Release|x64 = Release|x64
		Release|x86 = Release|x86
	EndGlobalSection
	GlobalSection(ProjectConfigurationPlatforms) = postSolution
		{93A65769-B93F-4A06-AF0F-3BE43CCC1126}.Debug|x64.ActiveCfg = Debug|x64
		{93A65769-B93F-4A06-AF0F-3BE43CCC1126}.Debug|x64.Build.0 = Debug|x64
		{93A65769-B93F-4A06-AF0F-3BE43CCC1126}.Debug|x86.ActiveCfg = Debug|Win32
		{93A65769-B93F-4A06-AF0F-3BE43CCC1126}.Debug|x86.Build.0 = Debug|Win32
		{93A65769-B93F-4A06-AF0F-3BE43CCC1126}.Release|x64.ActiveCfg = Release|x64
		{93A65769-B93F-4A06-AF0F-3BE43CCC1126}.Release|x64.Build.0 = Release|x64
		{93A65769-B93F-4A06-AF0F-3BE43CCC1126}.Release|x86.ActiveCfg = Release|Win32
		{93A65769-B93F-4A06-AF0F-3BE43CCC1126}.Release|x86.Build.0 = Release|Win32
	EndGlobalSection
	GlobalSection(SolutionProperties) = preSolution
		HideSolutionNode = FALSE
	EndGlobalSection
	GlobalSection(ExtensibilityGlobals) = postSolution
		SolutionGuid = {ABAFA468-512D-4D8D-87DC-6D5765064F61}
	EndGlobalSection
EndGlobal
