
Microsoft Visual Studio Solution File, Format Version 12.00
# Visual Studio 15
VisualStudioVersion = 15.0.27004.2005
MinimumVisualStudioVersion = 10.0.40219.1
Project("{8BC9CEB8-8B4A-11D0-8D11-00A0C91BC942}") = "Lab_2_3_19(6)", "Lab_2_3_19(6)\Lab_2_3_19(6).vcxproj", "{FCC77B84-6C2E-42A3-9407-E55469AB8BD4}"
EndProject
Global
	GlobalSection(SolutionConfigurationPlatforms) = preSolution
		Debug|x64 = Debug|x64
		Debug|x86 = Debug|x86
		Release|x64 = Release|x64
		Release|x86 = Release|x86
	EndGlobalSection
	GlobalSection(ProjectConfigurationPlatforms) = postSolution
		{FCC77B84-6C2E-42A3-9407-E55469AB8BD4}.Debug|x64.ActiveCfg = Debug|x64
		{FCC77B84-6C2E-42A3-9407-E55469AB8BD4}.Debug|x64.Build.0 = Debug|x64
		{FCC77B84-6C2E-42A3-9407-E55469AB8BD4}.Debug|x86.ActiveCfg = Debug|Win32
		{FCC77B84-6C2E-42A3-9407-E55469AB8BD4}.Debug|x86.Build.0 = Debug|Win32
		{FCC77B84-6C2E-42A3-9407-E55469AB8BD4}.Release|x64.ActiveCfg = Release|x64
		{FCC77B84-6C2E-42A3-9407-E55469AB8BD4}.Release|x64.Build.0 = Release|x64
		{FCC77B84-6C2E-42A3-9407-E55469AB8BD4}.Release|x86.ActiveCfg = Release|Win32
		{FCC77B84-6C2E-42A3-9407-E55469AB8BD4}.Release|x86.Build.0 = Release|Win32
	EndGlobalSection
	GlobalSection(SolutionProperties) = preSolution
		HideSolutionNode = FALSE
	EndGlobalSection
	GlobalSection(ExtensibilityGlobals) = postSolution
		SolutionGuid = {13AA644B-562E-4FAD-8B22-16B07BB330B4}
	EndGlobalSection
EndGlobal
