
Microsoft Visual Studio Solution File, Format Version 12.00
# Visual Studio 15
VisualStudioVersion = 15.0.26730.16
MinimumVisualStudioVersion = 10.0.40219.1
Project("{8BC9CEB8-8B4A-11D0-8D11-00A0C91BC942}") = "Lab_1_7_5", "Lab_1_7_5\Lab_1_7_5.vcxproj", "{96E5B7BF-DFAB-4AC3-8EA7-FA33E34DADC5}"
EndProject
Global
	GlobalSection(SolutionConfigurationPlatforms) = preSolution
		Debug|x64 = Debug|x64
		Debug|x86 = Debug|x86
		Release|x64 = Release|x64
		Release|x86 = Release|x86
	EndGlobalSection
	GlobalSection(ProjectConfigurationPlatforms) = postSolution
		{96E5B7BF-DFAB-4AC3-8EA7-FA33E34DADC5}.Debug|x64.ActiveCfg = Debug|x64
		{96E5B7BF-DFAB-4AC3-8EA7-FA33E34DADC5}.Debug|x64.Build.0 = Debug|x64
		{96E5B7BF-DFAB-4AC3-8EA7-FA33E34DADC5}.Debug|x86.ActiveCfg = Debug|Win32
		{96E5B7BF-DFAB-4AC3-8EA7-FA33E34DADC5}.Debug|x86.Build.0 = Debug|Win32
		{96E5B7BF-DFAB-4AC3-8EA7-FA33E34DADC5}.Release|x64.ActiveCfg = Release|x64
		{96E5B7BF-DFAB-4AC3-8EA7-FA33E34DADC5}.Release|x64.Build.0 = Release|x64
		{96E5B7BF-DFAB-4AC3-8EA7-FA33E34DADC5}.Release|x86.ActiveCfg = Release|Win32
		{96E5B7BF-DFAB-4AC3-8EA7-FA33E34DADC5}.Release|x86.Build.0 = Release|Win32
	EndGlobalSection
	GlobalSection(SolutionProperties) = preSolution
		HideSolutionNode = FALSE
	EndGlobalSection
	GlobalSection(ExtensibilityGlobals) = postSolution
		SolutionGuid = {4380D855-16CE-4F47-A41D-8666946B44A3}
	EndGlobalSection
EndGlobal
