
Microsoft Visual Studio Solution File, Format Version 12.00
# Visual Studio 15
VisualStudioVersion = 15.0.27004.2005
MinimumVisualStudioVersion = 10.0.40219.1
Project("{8BC9CEB8-8B4A-11D0-8D11-00A0C91BC942}") = "Lab_5_3_10(4)", "Lab_5_3_10(4)\Lab_5_3_10(4).vcxproj", "{5E4C8616-4247-4C0E-8524-57CEED068608}"
EndProject
Global
	GlobalSection(SolutionConfigurationPlatforms) = preSolution
		Debug|x64 = Debug|x64
		Debug|x86 = Debug|x86
		Release|x64 = Release|x64
		Release|x86 = Release|x86
	EndGlobalSection
	GlobalSection(ProjectConfigurationPlatforms) = postSolution
		{5E4C8616-4247-4C0E-8524-57CEED068608}.Debug|x64.ActiveCfg = Debug|x64
		{5E4C8616-4247-4C0E-8524-57CEED068608}.Debug|x64.Build.0 = Debug|x64
		{5E4C8616-4247-4C0E-8524-57CEED068608}.Debug|x86.ActiveCfg = Debug|Win32
		{5E4C8616-4247-4C0E-8524-57CEED068608}.Debug|x86.Build.0 = Debug|Win32
		{5E4C8616-4247-4C0E-8524-57CEED068608}.Release|x64.ActiveCfg = Release|x64
		{5E4C8616-4247-4C0E-8524-57CEED068608}.Release|x64.Build.0 = Release|x64
		{5E4C8616-4247-4C0E-8524-57CEED068608}.Release|x86.ActiveCfg = Release|Win32
		{5E4C8616-4247-4C0E-8524-57CEED068608}.Release|x86.Build.0 = Release|Win32
	EndGlobalSection
	GlobalSection(SolutionProperties) = preSolution
		HideSolutionNode = FALSE
	EndGlobalSection
	GlobalSection(ExtensibilityGlobals) = postSolution
		SolutionGuid = {A135AD4A-1046-4659-94AF-4BFFC94B6314}
	EndGlobalSection
EndGlobal
