
Microsoft Visual Studio Solution File, Format Version 12.00
# Visual Studio 15
VisualStudioVersion = 15.0.26730.16
MinimumVisualStudioVersion = 10.0.40219.1
Project("{8BC9CEB8-8B4A-11D0-8D11-00A0C91BC942}") = "Lab_2_1_5(5)", "Lab_2_1_5(5)\Lab_2_1_5(5).vcxproj", "{15111606-FAAC-4192-BA92-DC3C2281887A}"
EndProject
Global
	GlobalSection(SolutionConfigurationPlatforms) = preSolution
		Debug|x64 = Debug|x64
		Debug|x86 = Debug|x86
		Release|x64 = Release|x64
		Release|x86 = Release|x86
	EndGlobalSection
	GlobalSection(ProjectConfigurationPlatforms) = postSolution
		{15111606-FAAC-4192-BA92-DC3C2281887A}.Debug|x64.ActiveCfg = Debug|x64
		{15111606-FAAC-4192-BA92-DC3C2281887A}.Debug|x64.Build.0 = Debug|x64
		{15111606-FAAC-4192-BA92-DC3C2281887A}.Debug|x86.ActiveCfg = Debug|Win32
		{15111606-FAAC-4192-BA92-DC3C2281887A}.Debug|x86.Build.0 = Debug|Win32
		{15111606-FAAC-4192-BA92-DC3C2281887A}.Release|x64.ActiveCfg = Release|x64
		{15111606-FAAC-4192-BA92-DC3C2281887A}.Release|x64.Build.0 = Release|x64
		{15111606-FAAC-4192-BA92-DC3C2281887A}.Release|x86.ActiveCfg = Release|Win32
		{15111606-FAAC-4192-BA92-DC3C2281887A}.Release|x86.Build.0 = Release|Win32
	EndGlobalSection
	GlobalSection(SolutionProperties) = preSolution
		HideSolutionNode = FALSE
	EndGlobalSection
	GlobalSection(ExtensibilityGlobals) = postSolution
		SolutionGuid = {C4334CE3-B9E2-4056-ADF9-F7E7A3FA4CCE}
	EndGlobalSection
EndGlobal
