
Microsoft Visual Studio Solution File, Format Version 12.00
# Visual Studio 15
VisualStudioVersion = 15.0.27004.2005
MinimumVisualStudioVersion = 10.0.40219.1
Project("{8BC9CEB8-8B4A-11D0-8D11-00A0C91BC942}") = "Lab_3_8_7", "Lab_3_8_7\Lab_3_8_7.vcxproj", "{58052F53-71AF-42D3-8D2D-E292EB4D4F06}"
EndProject
Global
	GlobalSection(SolutionConfigurationPlatforms) = preSolution
		Debug|x64 = Debug|x64
		Debug|x86 = Debug|x86
		Release|x64 = Release|x64
		Release|x86 = Release|x86
	EndGlobalSection
	GlobalSection(ProjectConfigurationPlatforms) = postSolution
		{58052F53-71AF-42D3-8D2D-E292EB4D4F06}.Debug|x64.ActiveCfg = Debug|x64
		{58052F53-71AF-42D3-8D2D-E292EB4D4F06}.Debug|x64.Build.0 = Debug|x64
		{58052F53-71AF-42D3-8D2D-E292EB4D4F06}.Debug|x86.ActiveCfg = Debug|Win32
		{58052F53-71AF-42D3-8D2D-E292EB4D4F06}.Debug|x86.Build.0 = Debug|Win32
		{58052F53-71AF-42D3-8D2D-E292EB4D4F06}.Release|x64.ActiveCfg = Release|x64
		{58052F53-71AF-42D3-8D2D-E292EB4D4F06}.Release|x64.Build.0 = Release|x64
		{58052F53-71AF-42D3-8D2D-E292EB4D4F06}.Release|x86.ActiveCfg = Release|Win32
		{58052F53-71AF-42D3-8D2D-E292EB4D4F06}.Release|x86.Build.0 = Release|Win32
	EndGlobalSection
	GlobalSection(SolutionProperties) = preSolution
		HideSolutionNode = FALSE
	EndGlobalSection
	GlobalSection(ExtensibilityGlobals) = postSolution
		SolutionGuid = {180B0102-A335-4D4D-9422-6A0019B90DA5}
	EndGlobalSection
EndGlobal
