
Microsoft Visual Studio Solution File, Format Version 12.00
# Visual Studio 15
VisualStudioVersion = 15.0.27004.2005
MinimumVisualStudioVersion = 10.0.40219.1
Project("{8BC9CEB8-8B4A-11D0-8D11-00A0C91BC942}") = "Lab_5_3_10(9)", "Lab_5_3_10(9)\Lab_5_3_10(9).vcxproj", "{692765C4-34EE-48A6-9B81-44F16525F85C}"
EndProject
Global
	GlobalSection(SolutionConfigurationPlatforms) = preSolution
		Debug|x64 = Debug|x64
		Debug|x86 = Debug|x86
		Release|x64 = Release|x64
		Release|x86 = Release|x86
	EndGlobalSection
	GlobalSection(ProjectConfigurationPlatforms) = postSolution
		{692765C4-34EE-48A6-9B81-44F16525F85C}.Debug|x64.ActiveCfg = Debug|x64
		{692765C4-34EE-48A6-9B81-44F16525F85C}.Debug|x64.Build.0 = Debug|x64
		{692765C4-34EE-48A6-9B81-44F16525F85C}.Debug|x86.ActiveCfg = Debug|Win32
		{692765C4-34EE-48A6-9B81-44F16525F85C}.Debug|x86.Build.0 = Debug|Win32
		{692765C4-34EE-48A6-9B81-44F16525F85C}.Release|x64.ActiveCfg = Release|x64
		{692765C4-34EE-48A6-9B81-44F16525F85C}.Release|x64.Build.0 = Release|x64
		{692765C4-34EE-48A6-9B81-44F16525F85C}.Release|x86.ActiveCfg = Release|Win32
		{692765C4-34EE-48A6-9B81-44F16525F85C}.Release|x86.Build.0 = Release|Win32
	EndGlobalSection
	GlobalSection(SolutionProperties) = preSolution
		HideSolutionNode = FALSE
	EndGlobalSection
	GlobalSection(ExtensibilityGlobals) = postSolution
		SolutionGuid = {71495B9C-1E0A-4989-BCB1-614DFA01DB1C}
	EndGlobalSection
EndGlobal
